
Microsoft Visual Studio Solution File, Format Version 12.00
# Visual Studio Version 17
VisualStudioVersion = 17.9.34902.65
MinimumVisualStudioVersion = 10.0.40219.1
Project("{9A19103F-16F7-4668-BE54-9A1E7A4F7556}") = "PhasmoSheet.Core", "PhasmoSheet.Core\PhasmoSheet.Core.csproj", "{776643E9-9893-4999-A80D-AAD22734E447}"
EndProject
Project("{FAE04EC0-301F-11D3-BF4B-00C04F79EFBC}") = "PhasmoSheet.Web", "PhasmoSheet.Web\PhasmoSheet.Web.csproj", "{D662DA4B-4FF0-44D9-9427-93FAE73BDC69}"
EndProject
Global
	GlobalSection(SolutionConfigurationPlatforms) = preSolution
		Debug|Any CPU = Debug|Any CPU
		Release|Any CPU = Release|Any CPU
	EndGlobalSection
	GlobalSection(ProjectConfigurationPlatforms) = postSolution
		{776643E9-9893-4999-A80D-AAD22734E447}.Debug|Any CPU.ActiveCfg = Debug|Any CPU
		{776643E9-9893-4999-A80D-AAD22734E447}.Debug|Any CPU.Build.0 = Debug|Any CPU
		{776643E9-9893-4999-A80D-AAD22734E447}.Release|Any CPU.ActiveCfg = Release|Any CPU
		{776643E9-9893-4999-A80D-AAD22734E447}.Release|Any CPU.Build.0 = Release|Any CPU
		{D662DA4B-4FF0-44D9-9427-93FAE73BDC69}.Debug|Any CPU.ActiveCfg = Debug|Any CPU
		{D662DA4B-4FF0-44D9-9427-93FAE73BDC69}.Debug|Any CPU.Build.0 = Debug|Any CPU
		{D662DA4B-4FF0-44D9-9427-93FAE73BDC69}.Release|Any CPU.ActiveCfg = Release|Any CPU
		{D662DA4B-4FF0-44D9-9427-93FAE73BDC69}.Release|Any CPU.Build.0 = Release|Any CPU
	EndGlobalSection
	GlobalSection(SolutionProperties) = preSolution
		HideSolutionNode = FALSE
	EndGlobalSection
	GlobalSection(ExtensibilityGlobals) = postSolution
		SolutionGuid = {7A7F8B13-E27F-4BC1-A195-A2ABE1E0DA61}
	EndGlobalSection
EndGlobal
